
Microsoft Visual Studio Solution File, Format Version 12.00
# Visual Studio Version 17
VisualStudioVersion = 17.10.35013.160
MinimumVisualStudioVersion = 10.0.40219.1
Project("{9A19103F-16F7-4668-BE54-9A1E7A4F7556}") = "Ecommerce", "Ecommerce\Ecommerce.csproj", "{550A0BE0-7E76-494E-8125-A779CEF261F9}"
EndProject
Project("{9A19103F-16F7-4668-BE54-9A1E7A4F7556}") = "BeautyStore.Domain", "BeautyStore.Domain\BeautyStore.Domain.csproj", "{2B8A1C4A-80B5-4099-86DA-E92B84D4BE9E}"
EndProject
Project("{9A19103F-16F7-4668-BE54-9A1E7A4F7556}") = "BeautyStore.Application", "BeautyStore.Application\BeautyStore.Application.csproj", "{C6D8E759-436B-4775-9EAE-BF8804077686}"
EndProject
Project("{9A19103F-16F7-4668-BE54-9A1E7A4F7556}") = "BeautyStore.Infrastructure", "BeautyStore.Infrastructure\BeautyStore.Infrastructure.csproj", "{2D58487B-D6DB-4712-85F4-79F0A952EBB1}"
EndProject
Project("{FAE04EC0-301F-11D3-BF4B-00C04F79EFBC}") = "BeautyStore.DomainTests.xUnit", "BeautyStore.DomainTests.xUnit\BeautyStore.DomainTests.xUnit.csproj", "{7A10E38D-6C45-4CA4-9C52-209C51BF4312}"
EndProject
Project("{FAE04EC0-301F-11D3-BF4B-00C04F79EFBC}") = "BeautyStore.ApplicationTests.xUnit", "BeautyStore.ApplicationTests.xUnit\BeautyStore.ApplicationTests.xUnit.csproj", "{81A590ED-54C3-49B4-A914-07BEE804F737}"
EndProject
Global
	GlobalSection(SolutionConfigurationPlatforms) = preSolution
		Debug|Any CPU = Debug|Any CPU
		Release|Any CPU = Release|Any CPU
	EndGlobalSection
	GlobalSection(ProjectConfigurationPlatforms) = postSolution
		{550A0BE0-7E76-494E-8125-A779CEF261F9}.Debug|Any CPU.ActiveCfg = Debug|Any CPU
		{550A0BE0-7E76-494E-8125-A779CEF261F9}.Debug|Any CPU.Build.0 = Debug|Any CPU
		{550A0BE0-7E76-494E-8125-A779CEF261F9}.Release|Any CPU.ActiveCfg = Release|Any CPU
		{550A0BE0-7E76-494E-8125-A779CEF261F9}.Release|Any CPU.Build.0 = Release|Any CPU
		{2B8A1C4A-80B5-4099-86DA-E92B84D4BE9E}.Debug|Any CPU.ActiveCfg = Debug|Any CPU
		{2B8A1C4A-80B5-4099-86DA-E92B84D4BE9E}.Debug|Any CPU.Build.0 = Debug|Any CPU
		{2B8A1C4A-80B5-4099-86DA-E92B84D4BE9E}.Release|Any CPU.ActiveCfg = Release|Any CPU
		{2B8A1C4A-80B5-4099-86DA-E92B84D4BE9E}.Release|Any CPU.Build.0 = Release|Any CPU
		{C6D8E759-436B-4775-9EAE-BF8804077686}.Debug|Any CPU.ActiveCfg = Debug|Any CPU
		{C6D8E759-436B-4775-9EAE-BF8804077686}.Debug|Any CPU.Build.0 = Debug|Any CPU
		{C6D8E759-436B-4775-9EAE-BF8804077686}.Release|Any CPU.ActiveCfg = Release|Any CPU
		{C6D8E759-436B-4775-9EAE-BF8804077686}.Release|Any CPU.Build.0 = Release|Any CPU
		{2D58487B-D6DB-4712-85F4-79F0A952EBB1}.Debug|Any CPU.ActiveCfg = Debug|Any CPU
		{2D58487B-D6DB-4712-85F4-79F0A952EBB1}.Debug|Any CPU.Build.0 = Debug|Any CPU
		{2D58487B-D6DB-4712-85F4-79F0A952EBB1}.Release|Any CPU.ActiveCfg = Release|Any CPU
		{2D58487B-D6DB-4712-85F4-79F0A952EBB1}.Release|Any CPU.Build.0 = Release|Any CPU
		{7A10E38D-6C45-4CA4-9C52-209C51BF4312}.Debug|Any CPU.ActiveCfg = Debug|Any CPU
		{7A10E38D-6C45-4CA4-9C52-209C51BF4312}.Debug|Any CPU.Build.0 = Debug|Any CPU
		{7A10E38D-6C45-4CA4-9C52-209C51BF4312}.Release|Any CPU.ActiveCfg = Release|Any CPU
		{7A10E38D-6C45-4CA4-9C52-209C51BF4312}.Release|Any CPU.Build.0 = Release|Any CPU
		{81A590ED-54C3-49B4-A914-07BEE804F737}.Debug|Any CPU.ActiveCfg = Debug|Any CPU
		{81A590ED-54C3-49B4-A914-07BEE804F737}.Debug|Any CPU.Build.0 = Debug|Any CPU
		{81A590ED-54C3-49B4-A914-07BEE804F737}.Release|Any CPU.ActiveCfg = Release|Any CPU
		{81A590ED-54C3-49B4-A914-07BEE804F737}.Release|Any CPU.Build.0 = Release|Any CPU
	EndGlobalSection
	GlobalSection(SolutionProperties) = preSolution
		HideSolutionNode = FALSE
	EndGlobalSection
	GlobalSection(ExtensibilityGlobals) = postSolution
		SolutionGuid = {A136F5B5-775D-4E28-B40C-4060A0BEE360}
	EndGlobalSection
EndGlobal
